
Microsoft Visual Studio Solution File, Format Version 12.00
# Visual Studio Version 17
VisualStudioVersion = 17.4.33122.133
MinimumVisualStudioVersion = 10.0.40219.1
Project("{8BC9CEB8-8B4A-11D0-8D11-00A0C91BC942}") = "XandO", "XandO\XandO.vcxproj", "{CF35372E-406C-42A0-98F2-36355EDEDF15}"
EndProject
Project("{8BC9CEB8-8B4A-11D0-8D11-00A0C91BC942}") = "XandOConsole", "XandOConsole\XandOConsole.vcxproj", "{EB45AD3B-DA98-4FA9-B4F3-581FAF31F78D}"
	ProjectSection(ProjectDependencies) = postProject
		{CF35372E-406C-42A0-98F2-36355EDEDF15} = {CF35372E-406C-42A0-98F2-36355EDEDF15}
	EndProjectSection
EndProject
Project("{8BC9CEB8-8B4A-11D0-8D11-00A0C91BC942}") = "XandOGui", "XandOGui\XandOGui.vcxproj", "{C000E395-A253-40BE-8275-F8BC94E48E22}"
	ProjectSection(ProjectDependencies) = postProject
		{CF35372E-406C-42A0-98F2-36355EDEDF15} = {CF35372E-406C-42A0-98F2-36355EDEDF15}
	EndProjectSection
EndProject
Project("{8BC9CEB8-8B4A-11D0-8D11-00A0C91BC942}") = "XandOTest", "XandOTest\XandOTest.vcxproj", "{E724163C-F1E8-4D50-BB7D-D6B6DCE63B4B}"
	ProjectSection(ProjectDependencies) = postProject
		{CF35372E-406C-42A0-98F2-36355EDEDF15} = {CF35372E-406C-42A0-98F2-36355EDEDF15}
	EndProjectSection
EndProject
Global
	GlobalSection(SolutionConfigurationPlatforms) = preSolution
		Debug|x64 = Debug|x64
		Debug|x86 = Debug|x86
		Release|x64 = Release|x64
		Release|x86 = Release|x86
	EndGlobalSection
	GlobalSection(ProjectConfigurationPlatforms) = postSolution
		{CF35372E-406C-42A0-98F2-36355EDEDF15}.Debug|x64.ActiveCfg = Debug|x64
		{CF35372E-406C-42A0-98F2-36355EDEDF15}.Debug|x64.Build.0 = Debug|x64
		{CF35372E-406C-42A0-98F2-36355EDEDF15}.Debug|x86.ActiveCfg = Debug|Win32
		{CF35372E-406C-42A0-98F2-36355EDEDF15}.Debug|x86.Build.0 = Debug|Win32
		{CF35372E-406C-42A0-98F2-36355EDEDF15}.Release|x64.ActiveCfg = Release|x64
		{CF35372E-406C-42A0-98F2-36355EDEDF15}.Release|x64.Build.0 = Release|x64
		{CF35372E-406C-42A0-98F2-36355EDEDF15}.Release|x86.ActiveCfg = Release|Win32
		{CF35372E-406C-42A0-98F2-36355EDEDF15}.Release|x86.Build.0 = Release|Win32
		{EB45AD3B-DA98-4FA9-B4F3-581FAF31F78D}.Debug|x64.ActiveCfg = Debug|x64
		{EB45AD3B-DA98-4FA9-B4F3-581FAF31F78D}.Debug|x64.Build.0 = Debug|x64
		{EB45AD3B-DA98-4FA9-B4F3-581FAF31F78D}.Debug|x86.ActiveCfg = Debug|Win32
		{EB45AD3B-DA98-4FA9-B4F3-581FAF31F78D}.Debug|x86.Build.0 = Debug|Win32
		{EB45AD3B-DA98-4FA9-B4F3-581FAF31F78D}.Release|x64.ActiveCfg = Release|x64
		{EB45AD3B-DA98-4FA9-B4F3-581FAF31F78D}.Release|x64.Build.0 = Release|x64
		{EB45AD3B-DA98-4FA9-B4F3-581FAF31F78D}.Release|x86.ActiveCfg = Release|Win32
		{EB45AD3B-DA98-4FA9-B4F3-581FAF31F78D}.Release|x86.Build.0 = Release|Win32
		{C000E395-A253-40BE-8275-F8BC94E48E22}.Debug|x64.ActiveCfg = Debug|x64
		{C000E395-A253-40BE-8275-F8BC94E48E22}.Debug|x64.Build.0 = Debug|x64
		{C000E395-A253-40BE-8275-F8BC94E48E22}.Debug|x86.ActiveCfg = Debug|x64
		{C000E395-A253-40BE-8275-F8BC94E48E22}.Debug|x86.Build.0 = Debug|x64
		{C000E395-A253-40BE-8275-F8BC94E48E22}.Release|x64.ActiveCfg = Release|x64
		{C000E395-A253-40BE-8275-F8BC94E48E22}.Release|x64.Build.0 = Release|x64
		{C000E395-A253-40BE-8275-F8BC94E48E22}.Release|x86.ActiveCfg = Release|x64
		{C000E395-A253-40BE-8275-F8BC94E48E22}.Release|x86.Build.0 = Release|x64
		{E724163C-F1E8-4D50-BB7D-D6B6DCE63B4B}.Debug|x64.ActiveCfg = Debug|x64
		{E724163C-F1E8-4D50-BB7D-D6B6DCE63B4B}.Debug|x64.Build.0 = Debug|x64
		{E724163C-F1E8-4D50-BB7D-D6B6DCE63B4B}.Debug|x86.ActiveCfg = Debug|Win32
		{E724163C-F1E8-4D50-BB7D-D6B6DCE63B4B}.Debug|x86.Build.0 = Debug|Win32
		{E724163C-F1E8-4D50-BB7D-D6B6DCE63B4B}.Release|x64.ActiveCfg = Release|x64
		{E724163C-F1E8-4D50-BB7D-D6B6DCE63B4B}.Release|x64.Build.0 = Release|x64
		{E724163C-F1E8-4D50-BB7D-D6B6DCE63B4B}.Release|x86.ActiveCfg = Release|Win32
		{E724163C-F1E8-4D50-BB7D-D6B6DCE63B4B}.Release|x86.Build.0 = Release|Win32
	EndGlobalSection
	GlobalSection(SolutionProperties) = preSolution
		HideSolutionNode = FALSE
	EndGlobalSection
	GlobalSection(ExtensibilityGlobals) = postSolution
		SolutionGuid = {1A8679A2-C8F7-4255-9CA6-4D029954AEE1}
	EndGlobalSection
EndGlobal
